
Microsoft Visual Studio Solution File, Format Version 12.00
# Visual Studio Version 17
VisualStudioVersion = 17.4.33213.308
MinimumVisualStudioVersion = 10.0.40219.1
Project("{FAE04EC0-301F-11D3-BF4B-00C04F79EFBC}") = "CartProject-1", "CartProject-1\CartProject-1.csproj", "{37E2348E-128F-4473-888D-2288EE0FE663}"
EndProject
Global
	GlobalSection(SolutionConfigurationPlatforms) = preSolution
		Debug|Any CPU = Debug|Any CPU
		Release|Any CPU = Release|Any CPU
	EndGlobalSection
	GlobalSection(ProjectConfigurationPlatforms) = postSolution
		{37E2348E-128F-4473-888D-2288EE0FE663}.Debug|Any CPU.ActiveCfg = Debug|Any CPU
		{37E2348E-128F-4473-888D-2288EE0FE663}.Debug|Any CPU.Build.0 = Debug|Any CPU
		{37E2348E-128F-4473-888D-2288EE0FE663}.Release|Any CPU.ActiveCfg = Release|Any CPU
		{37E2348E-128F-4473-888D-2288EE0FE663}.Release|Any CPU.Build.0 = Release|Any CPU
	EndGlobalSection
	GlobalSection(SolutionProperties) = preSolution
		HideSolutionNode = FALSE
	EndGlobalSection
	GlobalSection(ExtensibilityGlobals) = postSolution
		SolutionGuid = {C7AD6121-CD23-4905-84A2-8CB011F3BA94}
	EndGlobalSection
EndGlobal
